
Microsoft Visual Studio Solution File, Format Version 12.00
# Visual Studio 15
Project("{FAE04EC0-301F-11D3-BF4B-00C04F79EFBC}") = "Homework_01", "Homework_01\Homework_01.csproj", "{7895DEF9-AAAD-4D73-B4C9-B9EA8D7E149B}"
EndProject
Project("{FAE04EC0-301F-11D3-BF4B-00C04F79EFBC}") = "Exercise1", "Homework_02\Exercise1.csproj", "{6C2CD200-2C46-49BC-AFBC-4F5A7FC3DF33}"
EndProject
Project("{2150E333-8FDC-42A3-9474-1A3956D46DE8}") = "Homework02", "Homework02", "{32716173-BDB8-447C-916A-15DDE4DF792B}"
EndProject
Project("{2150E333-8FDC-42A3-9474-1A3956D46DE8}") = "Homework01", "Homework01", "{E85AC01D-1EA6-4170-A980-5CE2F0D3B2C9}"
EndProject
Project("{FAE04EC0-301F-11D3-BF4B-00C04F79EFBC}") = "Exercise2", "Homework_02\Exercise2\Exercise2.csproj", "{A79F3963-BB4E-472C-A7C4-FADFC1567F87}"
EndProject
Project("{FAE04EC0-301F-11D3-BF4B-00C04F79EFBC}") = "Exercise3", "Homework_02\Exercise3\Exercise3.csproj", "{BCA7C7C8-2DD0-47E4-8D92-B0A506DD3E57}"
EndProject
Project("{FAE04EC0-301F-11D3-BF4B-00C04F79EFBC}") = "Exercise4", "Homework_02\Exercise4\Exercise4.csproj", "{C239EFF6-1275-4449-A896-3A1495FE6678}"
EndProject
Project("{FAE04EC0-301F-11D3-BF4B-00C04F79EFBC}") = "Exercise5", "Homework_02\Exercise5\Exercise5.csproj", "{A861E849-2FE6-4254-A163-CC4DB779AEBE}"
EndProject
Project("{FAE04EC0-301F-11D3-BF4B-00C04F79EFBC}") = "Exercise6", "Homework_02\Exercise6\Exercise6.csproj", "{A066FB0B-4FDB-4159-BF43-CB540D9F3976}"
EndProject
Global
	GlobalSection(SolutionConfigurationPlatforms) = preSolution
		Debug|Any CPU = Debug|Any CPU
		Release|Any CPU = Release|Any CPU
	EndGlobalSection
	GlobalSection(ProjectConfigurationPlatforms) = postSolution
		{7895DEF9-AAAD-4D73-B4C9-B9EA8D7E149B}.Debug|Any CPU.ActiveCfg = Debug|Any CPU
		{7895DEF9-AAAD-4D73-B4C9-B9EA8D7E149B}.Debug|Any CPU.Build.0 = Debug|Any CPU
		{7895DEF9-AAAD-4D73-B4C9-B9EA8D7E149B}.Release|Any CPU.ActiveCfg = Release|Any CPU
		{7895DEF9-AAAD-4D73-B4C9-B9EA8D7E149B}.Release|Any CPU.Build.0 = Release|Any CPU
		{6C2CD200-2C46-49BC-AFBC-4F5A7FC3DF33}.Debug|Any CPU.ActiveCfg = Debug|Any CPU
		{6C2CD200-2C46-49BC-AFBC-4F5A7FC3DF33}.Debug|Any CPU.Build.0 = Debug|Any CPU
		{6C2CD200-2C46-49BC-AFBC-4F5A7FC3DF33}.Release|Any CPU.ActiveCfg = Release|Any CPU
		{6C2CD200-2C46-49BC-AFBC-4F5A7FC3DF33}.Release|Any CPU.Build.0 = Release|Any CPU
		{A79F3963-BB4E-472C-A7C4-FADFC1567F87}.Debug|Any CPU.ActiveCfg = Debug|Any CPU
		{A79F3963-BB4E-472C-A7C4-FADFC1567F87}.Debug|Any CPU.Build.0 = Debug|Any CPU
		{A79F3963-BB4E-472C-A7C4-FADFC1567F87}.Release|Any CPU.ActiveCfg = Release|Any CPU
		{A79F3963-BB4E-472C-A7C4-FADFC1567F87}.Release|Any CPU.Build.0 = Release|Any CPU
		{BCA7C7C8-2DD0-47E4-8D92-B0A506DD3E57}.Debug|Any CPU.ActiveCfg = Debug|Any CPU
		{BCA7C7C8-2DD0-47E4-8D92-B0A506DD3E57}.Debug|Any CPU.Build.0 = Debug|Any CPU
		{BCA7C7C8-2DD0-47E4-8D92-B0A506DD3E57}.Release|Any CPU.ActiveCfg = Release|Any CPU
		{BCA7C7C8-2DD0-47E4-8D92-B0A506DD3E57}.Release|Any CPU.Build.0 = Release|Any CPU
		{C239EFF6-1275-4449-A896-3A1495FE6678}.Debug|Any CPU.ActiveCfg = Debug|Any CPU
		{C239EFF6-1275-4449-A896-3A1495FE6678}.Debug|Any CPU.Build.0 = Debug|Any CPU
		{C239EFF6-1275-4449-A896-3A1495FE6678}.Release|Any CPU.ActiveCfg = Release|Any CPU
		{C239EFF6-1275-4449-A896-3A1495FE6678}.Release|Any CPU.Build.0 = Release|Any CPU
		{A861E849-2FE6-4254-A163-CC4DB779AEBE}.Debug|Any CPU.ActiveCfg = Debug|Any CPU
		{A861E849-2FE6-4254-A163-CC4DB779AEBE}.Debug|Any CPU.Build.0 = Debug|Any CPU
		{A861E849-2FE6-4254-A163-CC4DB779AEBE}.Release|Any CPU.ActiveCfg = Release|Any CPU
		{A861E849-2FE6-4254-A163-CC4DB779AEBE}.Release|Any CPU.Build.0 = Release|Any CPU
		{A066FB0B-4FDB-4159-BF43-CB540D9F3976}.Debug|Any CPU.ActiveCfg = Debug|Any CPU
		{A066FB0B-4FDB-4159-BF43-CB540D9F3976}.Debug|Any CPU.Build.0 = Debug|Any CPU
		{A066FB0B-4FDB-4159-BF43-CB540D9F3976}.Release|Any CPU.ActiveCfg = Release|Any CPU
		{A066FB0B-4FDB-4159-BF43-CB540D9F3976}.Release|Any CPU.Build.0 = Release|Any CPU
	EndGlobalSection
	GlobalSection(NestedProjects) = preSolution
		{6C2CD200-2C46-49BC-AFBC-4F5A7FC3DF33} = {32716173-BDB8-447C-916A-15DDE4DF792B}
		{7895DEF9-AAAD-4D73-B4C9-B9EA8D7E149B} = {E85AC01D-1EA6-4170-A980-5CE2F0D3B2C9}
		{A79F3963-BB4E-472C-A7C4-FADFC1567F87} = {32716173-BDB8-447C-916A-15DDE4DF792B}
		{BCA7C7C8-2DD0-47E4-8D92-B0A506DD3E57} = {32716173-BDB8-447C-916A-15DDE4DF792B}
		{C239EFF6-1275-4449-A896-3A1495FE6678} = {32716173-BDB8-447C-916A-15DDE4DF792B}
		{A861E849-2FE6-4254-A163-CC4DB779AEBE} = {32716173-BDB8-447C-916A-15DDE4DF792B}
		{A066FB0B-4FDB-4159-BF43-CB540D9F3976} = {32716173-BDB8-447C-916A-15DDE4DF792B}
	EndGlobalSection
EndGlobal
